{
  "name": "kifiya",
  "version": "1.0.0",
  "lockfileVersion": 3,
  "requires": true,
  "packages": {
    "": {
      "name": "kifiya",
      "version": "1.0.0",
      "license": "ISC",
      "dependencies": {
        "kifiya": "^1.0.0"
      }
    },
    "node_modules/kifiya": {
      "version": "1.0.0",
      "resolved": "https://registry.npmjs.org/kifiya/-/kifiya-1.0.0.tgz",
      "integrity": "sha512-oF0IPBK0UUzIRlNkak0FNw0OQyL1YVZMmPBgUCZcNaFxzJiyHsjzLCV/ooJ64Wvwojt6prfVkwH46ZCjRDo9zw==",
      "license": "ISC"
    }
  }
}
